
Microsoft Visual Studio Solution File, Format Version 12.00
# Visual Studio Version 17
VisualStudioVersion = 17.14.36518.9 d17.14
MinimumVisualStudioVersion = 10.0.40219.1
Project("{FAE04EC0-301F-11D3-BF4B-00C04F79EFBC}") = "GestorDeTorneos", "GestorDeTorneos\GestorDeTorneos.csproj", "{530A7613-C3DB-41FA-9143-EC26FDE75C38}"
EndProject
Global
	GlobalSection(SolutionConfigurationPlatforms) = preSolution
		Debug|Any CPU = Debug|Any CPU
		Release|Any CPU = Release|Any CPU
	EndGlobalSection
	GlobalSection(ProjectConfigurationPlatforms) = postSolution
		{530A7613-C3DB-41FA-9143-EC26FDE75C38}.Debug|Any CPU.ActiveCfg = Debug|Any CPU
		{530A7613-C3DB-41FA-9143-EC26FDE75C38}.Debug|Any CPU.Build.0 = Debug|Any CPU
		{530A7613-C3DB-41FA-9143-EC26FDE75C38}.Release|Any CPU.ActiveCfg = Release|Any CPU
		{530A7613-C3DB-41FA-9143-EC26FDE75C38}.Release|Any CPU.Build.0 = Release|Any CPU
	EndGlobalSection
	GlobalSection(SolutionProperties) = preSolution
		HideSolutionNode = FALSE
	EndGlobalSection
	GlobalSection(ExtensibilityGlobals) = postSolution
		SolutionGuid = {681039B1-57A7-4BA4-9D05-B02EC68646BE}
	EndGlobalSection
EndGlobal
